
Microsoft Visual Studio Solution File, Format Version 12.00
# Visual Studio Version 17
VisualStudioVersion = 17.11.35312.102
MinimumVisualStudioVersion = 10.0.40219.1
Project("{FAE04EC0-301F-11D3-BF4B-00C04F79EFBC}") = "SyngentaGatewayApp", "SyngentaGatewayApp\SyngentaGatewayApp.csproj", "{5C4B9543-6027-4E76-B77E-AA4F53D17CAD}"
EndProject
Global
	GlobalSection(SolutionConfigurationPlatforms) = preSolution
		Debug|Any CPU = Debug|Any CPU
		Release|Any CPU = Release|Any CPU
	EndGlobalSection
	GlobalSection(ProjectConfigurationPlatforms) = postSolution
		{5C4B9543-6027-4E76-B77E-AA4F53D17CAD}.Debug|Any CPU.ActiveCfg = Debug|Any CPU
		{5C4B9543-6027-4E76-B77E-AA4F53D17CAD}.Debug|Any CPU.Build.0 = Debug|Any CPU
		{5C4B9543-6027-4E76-B77E-AA4F53D17CAD}.Release|Any CPU.ActiveCfg = Release|Any CPU
		{5C4B9543-6027-4E76-B77E-AA4F53D17CAD}.Release|Any CPU.Build.0 = Release|Any CPU
	EndGlobalSection
	GlobalSection(SolutionProperties) = preSolution
		HideSolutionNode = FALSE
	EndGlobalSection
	GlobalSection(ExtensibilityGlobals) = postSolution
		SolutionGuid = {414725AD-56B2-408B-B5A3-E4F9D3D6EE42}
	EndGlobalSection
EndGlobal
